# Lockfile v4
# This file is automatically generated by Wapm.
# It is not intended for manual editing. The schema of this file may change.
[modules."cloud-cnc-bot/cura-engine"."0.0.1-alpha.2".cura-engine]
name = "cura-engine"
package_version = "0.0.1-alpha.2"
package_name = "cloud-cnc-bot/cura-engine"
package_path = "cloud-cnc-bot/cura-engine@0.0.1-alpha.2"
resolved = "https://registry-cdn.wapm.io/packages/cloud-cnc-bot/cura-engine/cura-engine-0.0.1-alpha.2.tar.gz"
resolved_source = "registry+cura-engine"
abi = "wasi"
source = "cura-engine.wasm"
[modules.cura-wasm."2.0.0-alpha.0".entry]
name = "entry"
package_version = "2.0.0-alpha.0"
package_name = "cura-wasm"
package_path = "cura-wasm@2.0.0-alpha.0"
resolved = "local"
resolved_source = "local"
abi = "wasi"
source = "entry.wasm"
[commands.cura-engine]
name = "cura-engine"
package_name = "cloud-cnc-bot/cura-engine"
package_version = "0.0.1-alpha.2"
module = "cura-engine"
is_top_level_dependency = true